{
  "name": "annacloud-sito",
  "version": "1.0.0",
  "lockfileVersion": 1,
  "requires": true,
  "dependencies": {
    "amazon-cognito-identity-js": {
      "version": "3.0.6",
      "resolved": "https://registry.npmjs.org/amazon-cognito-identity-js/-/amazon-cognito-identity-js-3.0.6.tgz",
      "integrity": "sha512-F+19mrooooQUSdqfnKkwqcg+7UAMprPvU0Zqtv26Ntg+y3BkoNo0Z7BAJjy57zjI07al/KClYzrtQwcoU1CLIw==",
      "requires": {
        "buffer": "4.9.1",
        "crypto-js": "^3.1.9-1",
        "js-cookie": "^2.1.4"
      }
    },
    "angular": {
      "version": "1.7.5",
      "resolved": "https://registry.npmjs.org/angular/-/angular-1.7.5.tgz",
      "integrity": "sha512-760183yxtGzni740IBTieNuWLtPNAoMqvmC0Z62UoU0I3nqk+VJuO3JbQAXOyvo3Oy/ZsdNQwrSTh/B0OQZjNw=="
    },
    "angular-animate": {
      "version": "1.7.5",
      "resolved": "https://registry.npmjs.org/angular-animate/-/angular-animate-1.7.5.tgz",
      "integrity": "sha512-kU/fHIGf2a4a3bH7E1tzALTHk+QfoUSCK9fEcMFisd6ZWvNDwPzXWAilItqOC3EDiAXPmGHaNc9/aXiD9xrAxQ=="
    },
    "angular-aria": {
      "version": "1.7.5",
      "resolved": "https://registry.npmjs.org/angular-aria/-/angular-aria-1.7.5.tgz",
      "integrity": "sha512-X2dGRw+PK7hrV7/X1Ns4e5P3KC/OBFi1l7z//D/v7zbZObsAx48qBoX7unsck+s4+mnO+ikNNkHG5N49VfAyRw=="
    },
    "angular-jwt": {
      "version": "0.1.10",
      "resolved": "https://registry.npmjs.org/angular-jwt/-/angular-jwt-0.1.10.tgz",
      "integrity": "sha1-3ggK2Viq6+sHFHDZ7hJUtP+ueM0="
    },
    "angular-material": {
      "version": "1.1.11",
      "resolved": "https://registry.npmjs.org/angular-material/-/angular-material-1.1.11.tgz",
      "integrity": "sha512-einmcNSPxxvZo4NijZR4/k80+UKcbWqNLFCHeee/sU2tD1c7LUnFkOUde99Nmj5a6/L/wb91LmpRMbU1Vb9j7A=="
    },
    "angular-messages": {
      "version": "1.7.5",
      "resolved": "https://registry.npmjs.org/angular-messages/-/angular-messages-1.7.5.tgz",
      "integrity": "sha512-YDpJpFLyrIgZjE/sIAjgww1y6r3QqXBJbNDI0QjftD37vHXLkwvAOo3A4bxPw8BikyGLcJrFrgf6hRAzntJIWA=="
    },
    "angular-route": {
      "version": "1.7.5",
      "resolved": "https://registry.npmjs.org/angular-route/-/angular-route-1.7.5.tgz",
      "integrity": "sha512-7KfyEVVOWTI+jTY/j5rUNCIHGRyeCOx7YqZI/Ci3IbDK7GIsy6xH+hS5ai0Xi0sLjzDZ0PUDO4gBn+K0dVtlOg=="
    },
    "angular-ui-bootstrap": {
      "version": "2.5.6",
      "resolved": "https://registry.npmjs.org/angular-ui-bootstrap/-/angular-ui-bootstrap-2.5.6.tgz",
      "integrity": "sha1-I5NzIuxkGm++4WSYzDJFKqGZ58U="
    },
    "angular-ui-swiper": {
      "version": "2.3.8",
      "resolved": "https://registry.npmjs.org/angular-ui-swiper/-/angular-ui-swiper-2.3.8.tgz",
      "integrity": "sha1-bwF2sUILjCOkBPf7aNoIhPzwYZI=",
      "requires": {
        "gulp-rename": "^1.2.2"
      }
    },
    "aws-sdk": {
      "version": "2.382.0",
      "resolved": "https://registry.npmjs.org/aws-sdk/-/aws-sdk-2.382.0.tgz",
      "integrity": "sha512-wGjZLYo2ZxGTlj2cHy/0zOfYJKUVBQYG1vpW4Cnbgo3HTtOu906a6tqkiD8QuN0EyEkn7i+wyjSiUFOCh3T/2g==",
      "requires": {
        "buffer": "4.9.1",
        "events": "1.1.1",
        "ieee754": "1.1.8",
        "jmespath": "0.15.0",
        "querystring": "0.2.0",
        "sax": "1.2.1",
        "url": "0.10.3",
        "uuid": "3.1.0",
        "xml2js": "0.4.19"
      }
    },
    "base64-arraybuffer": {
      "version": "0.1.5",
      "resolved": "https://registry.npmjs.org/base64-arraybuffer/-/base64-arraybuffer-0.1.5.tgz",
      "integrity": "sha1-c5JncZI7Whl0etZmqlzUv5xunOg="
    },
    "base64-js": {
      "version": "1.3.0",
      "resolved": "https://registry.npmjs.org/base64-js/-/base64-js-1.3.0.tgz",
      "integrity": "sha512-ccav/yGvoa80BQDljCxsmmQ3Xvx60/UpBIij5QN21W3wBi/hhIC9OoO+KLpu9IJTS9j4DRVJ3aDDF9cMSoa2lw=="
    },
    "bootstrap": {
      "version": "3.4.0",
      "resolved": "https://registry.npmjs.org/bootstrap/-/bootstrap-3.4.0.tgz",
      "integrity": "sha512-F1yTDO9OHKH0xjl03DsOe8Nu1OWBIeAugGMhy3UTIYDdbbIPesQIhCEbj+HEr6wqlwweGAlP8F3OBC6kEuhFuw=="
    },
    "buffer": {
      "version": "4.9.1",
      "resolved": "https://registry.npmjs.org/buffer/-/buffer-4.9.1.tgz",
      "integrity": "sha1-bRu2AbB6TvztlwlBMgkwJ8lbwpg=",
      "requires": {
        "base64-js": "^1.0.2",
        "ieee754": "^1.1.4",
        "isarray": "^1.0.0"
      }
    },
    "crypto-js": {
      "version": "3.1.9-1",
      "resolved": "https://registry.npmjs.org/crypto-js/-/crypto-js-3.1.9-1.tgz",
      "integrity": "sha1-/aGedh/Ad+Af+/3G6f38WeiAbNg="
    },
    "css-line-break": {
      "version": "1.0.1",
      "resolved": "https://registry.npmjs.org/css-line-break/-/css-line-break-1.0.1.tgz",
      "integrity": "sha1-GfIGOjPpX7KDG4ZEbAuAwYivRQo=",
      "requires": {
        "base64-arraybuffer": "^0.1.5"
      }
    },
    "events": {
      "version": "1.1.1",
      "resolved": "http://registry.npmjs.org/events/-/events-1.1.1.tgz",
      "integrity": "sha1-nr23Y1rQmccNzEwqH1AEKI6L2SQ="
    },
    "gulp-rename": {
      "version": "1.4.0",
      "resolved": "https://registry.npmjs.org/gulp-rename/-/gulp-rename-1.4.0.tgz",
      "integrity": "sha1-3hxxjnxAla6GH3KW708ySGSCQL0="
    },
    "hammerjs": {
      "version": "2.0.8",
      "resolved": "https://registry.npmjs.org/hammerjs/-/hammerjs-2.0.8.tgz",
      "integrity": "sha1-BO93hiz/K7edMPdpIJWTAiK/YPE="
    },
    "html2canvas": {
      "version": "1.0.0-alpha.12",
      "resolved": "https://registry.npmjs.org/html2canvas/-/html2canvas-1.0.0-alpha.12.tgz",
      "integrity": "sha1-OxmS48mz9WBjw1/WIElPN+uohRM=",
      "requires": {
        "css-line-break": "1.0.1"
      }
    },
    "ieee754": {
      "version": "1.1.8",
      "resolved": "https://registry.npmjs.org/ieee754/-/ieee754-1.1.8.tgz",
      "integrity": "sha1-vjPUCsEO8ZJnAfbwii2G+/0a0+Q="
    },
    "isarray": {
      "version": "1.0.0",
      "resolved": "https://registry.npmjs.org/isarray/-/isarray-1.0.0.tgz",
      "integrity": "sha1-u5NdSFgsuhaMBoNJV6VKPgcSTxE="
    },
    "jmespath": {
      "version": "0.15.0",
      "resolved": "https://registry.npmjs.org/jmespath/-/jmespath-0.15.0.tgz",
      "integrity": "sha1-o/Iiqarp+Wb10nx5ZRDigJF2Qhc="
    },
    "jquery": {
      "version": "3.3.1",
      "resolved": "https://registry.npmjs.org/jquery/-/jquery-3.3.1.tgz",
      "integrity": "sha512-Ubldcmxp5np52/ENotGxlLe6aGMvmF4R8S6tZjsP6Knsaxd/xp3Zrh50cG93lR6nPXyUFwzN3ZSOQI0wRJNdGg=="
    },
    "js-cookie": {
      "version": "2.2.0",
      "resolved": "https://registry.npmjs.org/js-cookie/-/js-cookie-2.2.0.tgz",
      "integrity": "sha1-Gywnmm7s44ChIWi5JIUmWzWx7/s="
    },
    "merge-images": {
      "version": "1.1.0",
      "resolved": "https://registry.npmjs.org/merge-images/-/merge-images-1.1.0.tgz",
      "integrity": "sha512-RNRb9+NR/LqyKKD6AyMNT66R5BVh9y3WrFB6OqrnN38M+EwST4gxjC0luZO6H8xgpSBQ3LNq/ELtRFsDfHNsng==",
      "requires": {
        "html2canvas": "^1.0.0-alpha.12"
      }
    },
    "popper.js": {
      "version": "1.14.6",
      "resolved": "https://registry.npmjs.org/popper.js/-/popper.js-1.14.6.tgz",
      "integrity": "sha512-AGwHGQBKumlk/MDfrSOf0JHhJCImdDMcGNoqKmKkU+68GFazv3CQ6q9r7Ja1sKDZmYWTckY/uLyEznheTDycnA=="
    },
    "punycode": {
      "version": "1.3.2",
      "resolved": "https://registry.npmjs.org/punycode/-/punycode-1.3.2.tgz",
      "integrity": "sha1-llOgNvt8HuQjQvIyXM7v6jkmxI0="
    },
    "querystring": {
      "version": "0.2.0",
      "resolved": "https://registry.npmjs.org/querystring/-/querystring-0.2.0.tgz",
      "integrity": "sha1-sgmEkgO7Jd+CDadW50cAWHhSFiA="
    },
    "sax": {
      "version": "1.2.1",
      "resolved": "http://registry.npmjs.org/sax/-/sax-1.2.1.tgz",
      "integrity": "sha1-e45lYZCyKOgaZq6nSEgNgozS03o="
    },
    "spritespin": {
      "version": "4.0.6",
      "resolved": "https://registry.npmjs.org/spritespin/-/spritespin-4.0.6.tgz",
      "integrity": "sha512-1nS+/CD+/rN1IATkGIk+3aWLxQ/c6cqN8UjhbqUEsJT69YpJ4zGeffqu2wckKjrXdVOxfZZtmhoQXM0+rCAVSQ=="
    },
    "url": {
      "version": "0.10.3",
      "resolved": "https://registry.npmjs.org/url/-/url-0.10.3.tgz",
      "integrity": "sha1-Ah5NnHcF8hu/N9A861h2dAJ3TGQ=",
      "requires": {
        "punycode": "1.3.2",
        "querystring": "0.2.0"
      }
    },
    "uuid": {
      "version": "3.1.0",
      "resolved": "https://registry.npmjs.org/uuid/-/uuid-3.1.0.tgz",
      "integrity": "sha512-DIWtzUkw04M4k3bf1IcpS2tngXEL26YUD2M0tMDUpnUrz2hgzUBlD55a4FjdLGPvfHxS6uluGWvaVEqgBcVa+g=="
    },
    "wow.js": {
      "version": "1.2.2",
      "resolved": "https://registry.npmjs.org/wow.js/-/wow.js-1.2.2.tgz",
      "integrity": "sha1-JHUZsKNCMZsaY+Iq6prOwanqV/U="
    },
    "xml2js": {
      "version": "0.4.19",
      "resolved": "https://registry.npmjs.org/xml2js/-/xml2js-0.4.19.tgz",
      "integrity": "sha512-esZnJZJOiJR9wWKMyuvSE1y6Dq5LCuJanqhxslH2bxM6duahNZ+HMpCLhBQGZkbX6xRf8x1Y2eJlgt2q3qo49Q==",
      "requires": {
        "sax": ">=0.6.0",
        "xmlbuilder": "~9.0.1"
      }
    },
    "xmlbuilder": {
      "version": "9.0.7",
      "resolved": "http://registry.npmjs.org/xmlbuilder/-/xmlbuilder-9.0.7.tgz",
      "integrity": "sha1-Ey7mPS7FVlxVfiD0wi35rKaGsQ0="
    }
  }
}
